
Microsoft Visual Studio Solution File, Format Version 12.00
# Visual Studio Version 17
VisualStudioVersion = 17.8.34511.84
MinimumVisualStudioVersion = 10.0.40219.1
Project("{FAE04EC0-301F-11D3-BF4B-00C04F79EFBC}") = "DatabaseConnectivity", "DatabaseConnectivity\DatabaseConnectivity.csproj", "{CF87E37A-2A23-4256-9AD2-34569781A8ED}"
EndProject
Global
	GlobalSection(SolutionConfigurationPlatforms) = preSolution
		Debug|Any CPU = Debug|Any CPU
		Release|Any CPU = Release|Any CPU
	EndGlobalSection
	GlobalSection(ProjectConfigurationPlatforms) = postSolution
		{CF87E37A-2A23-4256-9AD2-34569781A8ED}.Debug|Any CPU.ActiveCfg = Debug|Any CPU
		{CF87E37A-2A23-4256-9AD2-34569781A8ED}.Debug|Any CPU.Build.0 = Debug|Any CPU
		{CF87E37A-2A23-4256-9AD2-34569781A8ED}.Release|Any CPU.ActiveCfg = Release|Any CPU
		{CF87E37A-2A23-4256-9AD2-34569781A8ED}.Release|Any CPU.Build.0 = Release|Any CPU
	EndGlobalSection
	GlobalSection(SolutionProperties) = preSolution
		HideSolutionNode = FALSE
	EndGlobalSection
	GlobalSection(ExtensibilityGlobals) = postSolution
		SolutionGuid = {DBA09BE2-3939-4BCE-A4B3-7E15B1CC8707}
	EndGlobalSection
EndGlobal
